
Microsoft Visual Studio Solution File, Format Version 12.00
# Visual Studio Version 16
VisualStudioVersion = 16.0.29424.173
MinimumVisualStudioVersion = 10.0.40219.1
Project("{2150E333-8FDC-42A3-9474-1A3956D46DE8}") = ".paket", ".paket", "{799F1FF3-8C91-46F4-89CB-BBBD445E1412}"
	ProjectSection(SolutionItems) = preProject
		..\paket.dependencies = ..\paket.dependencies
	EndProjectSection
EndProject
Project("{6EC3EE1D-3C4E-46DD-8F32-0CC8E7565705}") = "FSCoreConsoleAppWithPaket", "FSCoreConsoleAppWithPaket\FSCoreConsoleAppWithPaket.fsproj", "{6B1116C4-7DA4-4EE8-9970-E842051D0E29}"
EndProject
Project("{2150E333-8FDC-42A3-9474-1A3956D46DE8}") = "Configurations", "Configurations", "{4BE1DC6C-7F8D-4972-8B50-9C53B0399842}"
	ProjectSection(SolutionItems) = preProject
		EnvironmentVariablesConfiguration.json = EnvironmentVariablesConfiguration.json
		KafkaConfiguration.json = KafkaConfiguration.json
	EndProjectSection
EndProject
Global
	GlobalSection(SolutionConfigurationPlatforms) = preSolution
		Debug|Any CPU = Debug|Any CPU
		Release|Any CPU = Release|Any CPU
	EndGlobalSection
	GlobalSection(ProjectConfigurationPlatforms) = postSolution
		{6B1116C4-7DA4-4EE8-9970-E842051D0E29}.Debug|Any CPU.ActiveCfg = Debug|Any CPU
		{6B1116C4-7DA4-4EE8-9970-E842051D0E29}.Debug|Any CPU.Build.0 = Debug|Any CPU
		{6B1116C4-7DA4-4EE8-9970-E842051D0E29}.Release|Any CPU.ActiveCfg = Release|Any CPU
		{6B1116C4-7DA4-4EE8-9970-E842051D0E29}.Release|Any CPU.Build.0 = Release|Any CPU
	EndGlobalSection
	GlobalSection(SolutionProperties) = preSolution
		HideSolutionNode = FALSE
	EndGlobalSection
	GlobalSection(ExtensibilityGlobals) = postSolution
		SolutionGuid = {B07CCC82-EA90-4B8D-8401-7199EF5E9ACC}
	EndGlobalSection
EndGlobal
